PODS:
  - FoursquareAPIClient (4.2.0)

DEPENDENCIES:
  - FoursquareAPIClient (~> 4.2.0)

SPEC REPOS:
  https://github.com/cocoapods/specs.git:
    - FoursquareAPIClient

SPEC CHECKSUMS:
  FoursquareAPIClient: 3cb02bb68cfdbc524741bf3ba110f94679082b46

PODFILE CHECKSUM: cbc022be3b2b83cb71d92bfbb72fc82fa3c256c8

COCOAPODS: 1.5.3
